
Microsoft Visual Studio Solution File, Format Version 12.00
# Visual Studio 2013
VisualStudioVersion = 12.0.30501.0
MinimumVisualStudioVersion = 10.0.40219.1
Project("{FAE04EC0-301F-11D3-BF4B-00C04F79EFBC}") = "clrbrowser_installer", "clrbrowser_installer\clrbrowser_installer.csproj", "{2FFA9198-B867-48F9-8B2A-2EEA9101292B}"
EndProject
Global
	GlobalSection(SolutionConfigurationPlatforms) = preSolution
		Debug|Any CPU = Debug|Any CPU
		Release|Any CPU = Release|Any CPU
	EndGlobalSection
	GlobalSection(ProjectConfigurationPlatforms) = postSolution
		{2FFA9198-B867-48F9-8B2A-2EEA9101292B}.Debug|Any CPU.ActiveCfg = Debug|Any CPU
		{2FFA9198-B867-48F9-8B2A-2EEA9101292B}.Debug|Any CPU.Build.0 = Debug|Any CPU
		{2FFA9198-B867-48F9-8B2A-2EEA9101292B}.Release|Any CPU.ActiveCfg = Release|Any CPU
		{2FFA9198-B867-48F9-8B2A-2EEA9101292B}.Release|Any CPU.Build.0 = Release|Any CPU
	EndGlobalSection
	GlobalSection(SolutionProperties) = preSolution
		HideSolutionNode = FALSE
	EndGlobalSection
EndGlobal
